// !$*UTF8*$!
{
	archiveVersion = 1;
	classes = {
	};
	objectVersion = 77;
	objects = {

/* Begin PBXBuildFile section */
		293A42912E23B9AD00BE77CC /* CHANGELOG.md in Resources */ = {isa = PBXBuildFile; fileRef = 293A428F2E23B9A600BE77CC /* CHANGELOG.md */; };
		293A42942E23B9BD00BE77CC /* README.md in Resources */ = {isa = PBXBuildFile; fileRef = 293A42922E23B9B200BE77CC /* README.md */; };
/* End PBXBuildFile section */

/* Begin PBXContainerItemProxy section */
		298848852E20422D0079ACDE /* PBXContainerItemProxy */ = {
			isa = PBXContainerItemProxy;
			containerPortal = 2988486F2E20422D0079ACDE /* Project object */;
			proxyType = 1;
			remoteGlobalIDString = 298848762E20422D0079ACDE;
			remoteInfo = TrainingBuddy;
		};
		2988488F2E20422D0079ACDE /* PBXContainerItemProxy */ = {
			isa = PBXContainerItemProxy;
			containerPortal = 2988486F2E20422D0079ACDE /* Project object */;
			proxyType = 1;
			remoteGlobalIDString = 298848762E20422D0079ACDE;
			remoteInfo = TrainingBuddy;
		};
/* End PBXContainerItemProxy section */

/* Begin PBXFileReference section */
		293A428F2E23B9A600BE77CC /* CHANGELOG.md */ = {isa = PBXFileReference; lastKnownFileType = net.daringfireball.markdown; path = CHANGELOG.md; sourceTree = "<group>"; };
		293A42922E23B9B200BE77CC /* README.md */ = {isa = PBXFileReference; lastKnownFileType = net.daringfireball.markdown; path = README.md; sourceTree = "<group>"; };
		298848772E20422D0079ACDE /* TrainingBuddy.app */ = {isa = PBXFileReference; explicitFileType = wrapper.application; includeInIndex = 0; path = TrainingBuddy.app; sourceTree = BUILT_PRODUCTS_DIR; };
		298848842E20422D0079ACDE /* TrainingBuddyTests.xctest */ = {isa = PBXFileReference; explicitFileType = wrapper.cfbundle; includeInIndex = 0; path = TrainingBuddyTests.xctest; sourceTree = BUILT_PRODUCTS_DIR; };
		2988488E2E20422D0079ACDE /* TrainingBuddyUITests.xctest */ = {isa = PBXFileReference; explicitFileType = wrapper.cfbundle; includeInIndex = 0; path = TrainingBuddyUITests.xctest; sourceTree = BUILT_PRODUCTS_DIR; };
/* End PBXFileReference section */

/* Begin PBXFileSystemSynchronizedBuildFileExceptionSet section */
		293A42A82E23D5EE00BE77CC /* Exceptions for "TrainingBuddy" folder in "TrainingBuddy" target */ = {
			isa = PBXFileSystemSynchronizedBuildFileExceptionSet;
			membershipExceptions = (
				Info.plist,
			);
			target = 298848762E20422D0079ACDE /* TrainingBuddy */;
		};
/* End PBXFileSystemSynchronizedBuildFileExceptionSet section */

/* Begin PBXFileSystemSynchronizedRootGroup section */
		298848792E20422D0079ACDE /* TrainingBuddy */ = {
			isa = PBXFileSystemSynchronizedRootGroup;
			exceptions = (
				293A42A82E23D5EE00BE77CC /* Exceptions for "TrainingBuddy" folder in "TrainingBuddy" target */,
			);
			path = TrainingBuddy;
			sourceTree = "<group>";
		};
		298848872E20422D0079ACDE /* TrainingBuddyTests */ = {
			isa = PBXFileSystemSynchronizedRootGroup;
			path = TrainingBuddyTests;
			sourceTree = "<group>";
		};
		298848912E20422D0079ACDE /* TrainingBuddyUITests */ = {
			isa = PBXFileSystemSynchronizedRootGroup;
			path = TrainingBuddyUITests;
			sourceTree = "<group>";
		};
/* End PBXFileSystemSynchronizedRootGroup section */

/* Begin PBXFrameworksBuildPhase section */
		298848742E20422D0079ACDE /* Frameworks */ = {
			isa = PBXFrameworksBuildPhase;
			buildActionMask = 2147483647;
			files = (
			);
			runOnlyForDeploymentPostprocessing = 0;
		};
		298848812E20422D0079ACDE /* Frameworks */ = {
			isa = PBXFrameworksBuildPhase;
			buildActionMask = 2147483647;
			files = (
			);
			runOnlyForDeploymentPostprocessing = 0;
		};
		2988488B2E20422D0079ACDE /* Frameworks */ = {
			isa = PBXFrameworksBuildPhase;
			buildActionMask = 2147483647;
			files = (
			);
			runOnlyForDeploymentPostprocessing = 0;
		};
/* End PBXFrameworksBuildPhase section */

/* Begin PBXGroup section */
		2988486E2E20422D0079ACDE = {
			isa = PBXGroup;
			children = (
				298848792E20422D0079ACDE /* TrainingBuddy */,
				298848872E20422D0079ACDE /* TrainingBuddyTests */,
				298848912E20422D0079ACDE /* TrainingBuddyUITests */,
				298848782E20422D0079ACDE /* Products */,
				293A428F2E23B9A600BE77CC /* CHANGELOG.md */,
				293A42922E23B9B200BE77CC /* README.md */,
			);
			sourceTree = "<group>";
		};
		298848782E20422D0079ACDE /* Products */ = {
			isa = PBXGroup;
			children = (
				298848772E20422D0079ACDE /* TrainingBuddy.app */,
				298848842E20422D0079ACDE /* TrainingBuddyTests.xctest */,
				2988488E2E20422D0079ACDE /* TrainingBuddyUITests.xctest */,
			);
			name = Products;
			sourceTree = "<group>";
		};
/* End PBXGroup section */

/* Begin PBXNativeTarget section */
		298848762E20422D0079ACDE /* TrainingBuddy */ = {
			isa = PBXNativeTarget;
			buildConfigurationList = 298848982E20422D0079ACDE /* Build configuration list for PBXNativeTarget "TrainingBuddy" */;
			buildPhases = (
				298848732E20422D0079ACDE /* Sources */,
				298848742E20422D0079ACDE /* Frameworks */,
				298848752E20422D0079ACDE /* Resources */,
			);
			buildRules = (
			);
			dependencies = (
			);
			fileSystemSynchronizedGroups = (
				298848792E20422D0079ACDE /* TrainingBuddy */,
			);
			name = TrainingBuddy;
			packageProductDependencies = (
			);
			productName = TrainingBuddy;
			productReference = 298848772E20422D0079ACDE /* TrainingBuddy.app */;
			productType = "com.apple.product-type.application";
		};
		298848832E20422D0079ACDE /* TrainingBuddyTests */ = {
			isa = PBXNativeTarget;
			buildConfigurationList = 2988489B2E20422D0079ACDE /* Build configuration list for PBXNativeTarget "TrainingBuddyTests" */;
			buildPhases = (
				298848802E20422D0079ACDE /* Sources */,
				298848812E20422D0079ACDE /* Frameworks */,
				298848822E20422D0079ACDE /* Resources */,
			);
			buildRules = (
			);
			dependencies = (
				298848862E20422D0079ACDE /* PBXTargetDependency */,
			);
			fileSystemSynchronizedGroups = (
				298848872E20422D0079ACDE /* TrainingBuddyTests */,
			);
			name = TrainingBuddyTests;
			packageProductDependencies = (
			);
			productName = TrainingBuddyTests;
			productReference = 298848842E20422D0079ACDE /* TrainingBuddyTests.xctest */;
			productType = "com.apple.product-type.bundle.unit-test";
		};
		2988488D2E20422D0079ACDE /* TrainingBuddyUITests */ = {
			isa = PBXNativeTarget;
			buildConfigurationList = 2988489E2E20422D0079ACDE /* Build configuration list for PBXNativeTarget "TrainingBuddyUITests" */;
			buildPhases = (
				2988488A2E20422D0079ACDE /* Sources */,
				2988488B2E20422D0079ACDE /* Frameworks */,
				2988488C2E20422D0079ACDE /* Resources */,
			);
			buildRules = (
			);
			dependencies = (
				298848902E20422D0079ACDE /* PBXTargetDependency */,
			);
			fileSystemSynchronizedGroups = (
				298848912E20422D0079ACDE /* TrainingBuddyUITests */,
			);
			name = TrainingBuddyUITests;
			packageProductDependencies = (
			);
			productName = TrainingBuddyUITests;
			productReference = 2988488E2E20422D0079ACDE /* TrainingBuddyUITests.xctest */;
			productType = "com.apple.product-type.bundle.ui-testing";
		};
/* End PBXNativeTarget section */

/* Begin PBXProject section */
		2988486F2E20422D0079ACDE /* Project object */ = {
			isa = PBXProject;
			attributes = {
				BuildIndependentTargetsInParallel = 1;
				LastSwiftUpdateCheck = 1640;
				LastUpgradeCheck = 1640;
				TargetAttributes = {
					298848762E20422D0079ACDE = {
						CreatedOnToolsVersion = 16.4;
					};
					298848832E20422D0079ACDE = {
						CreatedOnToolsVersion = 16.4;
						TestTargetID = 298848762E20422D0079ACDE;
					};
					2988488D2E20422D0079ACDE = {
						CreatedOnToolsVersion = 16.4;
						TestTargetID = 298848762E20422D0079ACDE;
					};
				};
			};
			buildConfigurationList = 298848722E20422D0079ACDE /* Build configuration list for PBXProject "TrainingBuddy" */;
			developmentRegion = en;
			hasScannedForEncodings = 0;
			knownRegions = (
				en,
				Base,
			);
			mainGroup = 2988486E2E20422D0079ACDE;
			minimizedProjectReferenceProxies = 1;
			preferredProjectObjectVersion = 77;
			productRefGroup = 298848782E20422D0079ACDE /* Products */;
			projectDirPath = "";
			projectRoot = "";
			targets = (
				298848762E20422D0079ACDE /* TrainingBuddy */,
				298848832E20422D0079ACDE /* TrainingBuddyTests */,
				2988488D2E20422D0079ACDE /* TrainingBuddyUITests */,
			);
		};
/* End PBXProject section */

/* Begin PBXResourcesBuildPhase section */
		298848752E20422D0079ACDE /* Resources */ = {
			isa = PBXResourcesBuildPhase;
			buildActionMask = 2147483647;
			files = (
				293A42942E23B9BD00BE77CC /* README.md in Resources */,
				293A42912E23B9AD00BE77CC /* CHANGELOG.md in Resources */,
			);
			runOnlyForDeploymentPostprocessing = 0;
		};
		298848822E20422D0079ACDE /* Resources */ = {
			isa = PBXResourcesBuildPhase;
			buildActionMask = 2147483647;
			files = (
			);
			runOnlyForDeploymentPostprocessing = 0;
		};
		2988488C2E20422D0079ACDE /* Resources */ = {
			isa = PBXResourcesBuildPhase;
			buildActionMask = 2147483647;
			files = (
			);
			runOnlyForDeploymentPostprocessing = 0;
		};
/* End PBXResourcesBuildPhase section */

/* Begin PBXSourcesBuildPhase section */
		298848732E20422D0079ACDE /* Sources */ = {
			isa = PBXSourcesBuildPhase;
			buildActionMask = 2147483647;
			files = (
			);
			runOnlyForDeploymentPostprocessing = 0;
		};
		298848802E20422D0079ACDE /* Sources */ = {
			isa = PBXSourcesBuildPhase;
			buildActionMask = 2147483647;
			files = (
			);
			runOnlyForDeploymentPostprocessing = 0;
		};
		2988488A2E20422D0079ACDE /* Sources */ = {
			isa = PBXSourcesBuildPhase;
			buildActionMask = 2147483647;
			files = (
			);
			runOnlyForDeploymentPostprocessing = 0;
		};
/* End PBXSourcesBuildPhase section */

/* Begin PBXTargetDependency section */
		298848862E20422D0079ACDE /* PBXTargetDependency */ = {
			isa = PBXTargetDependency;
			target = 298848762E20422D0079ACDE /* TrainingBuddy */;
			targetProxy = 298848852E20422D0079ACDE /* PBXContainerItemProxy */;
		};
		298848902E20422D0079ACDE /* PBXTargetDependency */ = {
			isa = PBXTargetDependency;
			target = 298848762E20422D0079ACDE /* TrainingBuddy */;
			targetProxy = 2988488F2E20422D0079ACDE /* PBXContainerItemProxy */;
		};
/* End PBXTargetDependency section */

/* Begin XCBuildConfiguration section */
		298848962E20422D0079ACDE /* Debug */ = {
			isa = XCBuildConfiguration;
			buildSettings = {
				ALWAYS_SEARCH_USER_PATHS = NO;
				ASSETCATALOG_COMPILER_GENERATE_SWIFT_ASSET_SYMBOL_EXTENSIONS = YES;
				CLANG_ANALYZER_NONNULL = YES;
				CLANG_ANALYZER_NUMBER_OBJECT_CONVERSION = YES_AGGRESSIVE;
				CLANG_CXX_LANGUAGE_STANDARD = "gnu++20";
				CLANG_ENABLE_MODULES = YES;
				CLANG_ENABLE_OBJC_ARC = YES;
				CLANG_ENABLE_OBJC_WEAK = YES;
				CLANG_WARN_BLOCK_CAPTURE_AUTORELEASING = YES;
				CLANG_WARN_BOOL_CONVERSION = YES;
				CLANG_WARN_COMMA = YES;
				CLANG_WARN_CONSTANT_CONVERSION = YES;
				CLANG_WARN_DEPRECATED_OBJC_IMPLEMENTATIONS = YES;
				CLANG_WARN_DIRECT_OBJC_ISA_USAGE = YES_ERROR;
				CLANG_WARN_DOCUMENTATION_COMMENTS = YES;
				CLANG_WARN_EMPTY_BODY = YES;
				CLANG_WARN_ENUM_CONVERSION = YES;
				CLANG_WARN_INFINITE_RECURSION = YES;
				CLANG_WARN_INT_CONVERSION = YES;
				CLANG_WARN_NON_LITERAL_NULL_CONVERSION = YES;
				CLANG_WARN_OBJC_IMPLICIT_RETAIN_SELF = YES;
				CLANG_WARN_OBJC_LITERAL_CONVERSION = YES;
				CLANG_WARN_OBJC_ROOT_CLASS = YES_ERROR;
				CLANG_WARN_QUOTED_INCLUDE_IN_FRAMEWORK_HEADER = YES;
				CLANG_WARN_RANGE_LOOP_ANALYSIS = YES;
				CLANG_WARN_STRICT_PROTOTYPES = YES;
				CLANG_WARN_SUSPICIOUS_MOVE = YES;
				CLANG_WARN_UNGUARDED_AVAILABILITY = YES_AGGRESSIVE;
				CLANG_WARN_UNREACHABLE_CODE = YES;
				CLANG_WARN__DUPLICATE_METHOD_MATCH = YES;
				COPY_PHASE_STRIP = NO;
				DEBUG_INFORMATION_FORMAT = dwarf;
				ENABLE_STRICT_OBJC_MSGSEND = YES;
				ENABLE_TESTABILITY = YES;
				ENABLE_USER_SCRIPT_SANDBOXING = YES;
				GCC_C_LANGUAGE_STANDARD = gnu17;
				GCC_DYNAMIC_NO_PIC = NO;
				GCC_NO_COMMON_BLOCKS = YES;
				GCC_OPTIMIZATION_LEVEL = 0;
				GCC_PREPROCESSOR_DEFINITIONS = (
					"DEBUG=1",
					"$(inherited)",
				);
				GCC_WARN_64_TO_32_BIT_CONVERSION = YES;
				GCC_WARN_ABOUT_RETURN_TYPE = YES_ERROR;
				GCC_WARN_UNDECLARED_SELECTOR = YES;
				GCC_WARN_UNINITIALIZED_AUTOS = YES_AGGRESSIVE;
				GCC_WARN_UNUSED_FUNCTION = YES;
				GCC_WARN_UNUSED_VARIABLE = YES;
				INFOPLIST_FILE = "$(SRCROOT)/TrainingBuddy/Info.plist";
				IPHONEOS_DEPLOYMENT_TARGET = 18.5;
				LOCALIZATION_PREFERS_STRING_CATALOGS = YES;
				MTL_ENABLE_DEBUG_INFO = INCLUDE_SOURCE;
				MTL_FAST_MATH = YES;
				ONLY_ACTIVE_ARCH = YES;
				SDKROOT = iphoneos;
				SWIFT_ACTIVE_COMPILATION_CONDITIONS = "DEBUG $(inherited)";
				SWIFT_OPTIMIZATION_LEVEL = "-Onone";
			};
			name = Debug;
		};
		298848972E20422D0079ACDE /* Release */ = {
			isa = XCBuildConfiguration;
			buildSettings = {
				ALWAYS_SEARCH_USER_PATHS = NO;
				ASSETCATALOG_COMPILER_GENERATE_SWIFT_ASSET_SYMBOL_EXTENSIONS = YES;
				CLANG_ANALYZER_NONNULL = YES;
				CLANG_ANALYZER_NUMBER_OBJECT_CONVERSION = YES_AGGRESSIVE;
				CLANG_CXX_LANGUAGE_STANDARD = "gnu++20";
				CLANG_ENABLE_MODULES = YES;
				CLANG_ENABLE_OBJC_ARC = YES;
				CLANG_ENABLE_OBJC_WEAK = YES;
				CLANG_WARN_BLOCK_CAPTURE_AUTORELEASING = YES;
				CLANG_WARN_BOOL_CONVERSION = YES;
				CLANG_WARN_COMMA = YES;
				CLANG_WARN_CONSTANT_CONVERSION = YES;
				CLANG_WARN_DEPRECATED_OBJC_IMPLEMENTATIONS = YES;
				CLANG_WARN_DIRECT_OBJC_ISA_USAGE = YES_ERROR;
				CLANG_WARN_DOCUMENTATION_COMMENTS = YES;
				CLANG_WARN_EMPTY_BODY = YES;
				CLANG_WARN_ENUM_CONVERSION = YES;
				CLANG_WARN_INFINITE_RECURSION = YES;
				CLANG_WARN_INT_CONVERSION = YES;
				CLANG_WARN_NON_LITERAL_NULL_CONVERSION = YES;
				CLANG_WARN_OBJC_IMPLICIT_RETAIN_SELF = YES;
				CLANG_WARN_OBJC_LITERAL_CONVERSION = YES;
				CLANG_WARN_OBJC_ROOT_CLASS = YES_ERROR;
				CLANG_WARN_QUOTED_INCLUDE_IN_FRAMEWORK_HEADER = YES;
				CLANG_WARN_RANGE_LOOP_ANALYSIS = YES;
				CLANG_WARN_STRICT_PROTOTYPES = YES;
				CLANG_WARN_SUSPICIOUS_MOVE = YES;
				CLANG_WARN_UNGUARDED_AVAILABILITY = YES_AGGRESSIVE;
				CLANG_WARN_UNREACHABLE_CODE = YES;
				CLANG_WARN__DUPLICATE_METHOD_MATCH = YES;
				COPY_PHASE_STRIP = NO;
				DEBUG_INFORMATION_FORMAT = "dwarf-with-dsym";
				ENABLE_NS_ASSERTIONS = NO;
				ENABLE_STRICT_OBJC_MSGSEND = YES;
				ENABLE_USER_SCRIPT_SANDBOXING = YES;
				GCC_C_LANGUAGE_STANDARD = gnu17;
				GCC_NO_COMMON_BLOCKS = YES;
				GCC_WARN_64_TO_32_BIT_CONVERSION = YES;
				GCC_WARN_ABOUT_RETURN_TYPE = YES_ERROR;
				GCC_WARN_UNDECLARED_SELECTOR = YES;
				GCC_WARN_UNINITIALIZED_AUTOS = YES_AGGRESSIVE;
				GCC_WARN_UNUSED_FUNCTION = YES;
				GCC_WARN_UNUSED_VARIABLE = YES;
				INFOPLIST_FILE = "$(SRCROOT)/TrainingBuddy/Info.plist";
				IPHONEOS_DEPLOYMENT_TARGET = 18.5;
				LOCALIZATION_PREFERS_STRING_CATALOGS = YES;
				MTL_ENABLE_DEBUG_INFO = NO;
				MTL_FAST_MATH = YES;
				SDKROOT = iphoneos;
				SWIFT_COMPILATION_MODE = wholemodule;
				VALIDATE_PRODUCT = YES;
			};
			name = Release;
		};
		298848992E20422D0079ACDE /* Debug */ = {
			isa = XCBuildConfiguration;
			buildSettings = {
				ASSETCATALOG_COMPILER_APPICON_NAME = AppIcon;
				ASSETCATALOG_COMPILER_GLOBAL_ACCENT_COLOR_NAME = AccentColor;
				CODE_SIGN_STYLE = Automatic;
				CURRENT_PROJECT_VERSION = 1;
				DEVELOPMENT_TEAM = HSNWC29QND;
				ENABLE_PREVIEWS = YES;
				GENERATE_INFOPLIST_FILE = YES;
				INFOPLIST_KEY_LSApplicationCategoryType = "public.app-category.healthcare-fitness";
				INFOPLIST_KEY_NSAppleMusicUsageDescription = "L'app usa l'accesso a Apple Music per mettere in pausa e riprendere l'audio in riproduzione.";
				INFOPLIST_KEY_UIApplicationSceneManifest_Generation = YES;
				INFOPLIST_KEY_UIApplicationSupportsIndirectInputEvents = YES;
				INFOPLIST_KEY_UILaunchScreen_Generation = YES;
				INFOPLIST_KEY_UIStatusBarStyle = "";
				INFOPLIST_KEY_UISupportedInterfaceOrientations_iPad = "UIInterfaceOrientationPortrait UIInterfaceOrientationPortraitUpsideDown UIInterfaceOrientationLandscapeLeft UIInterfaceOrientationLandscapeRight";
				INFOPLIST_KEY_UISupportedInterfaceOrientations_iPhone = "UIInterfaceOrientationPortrait UIInterfaceOrientationLandscapeLeft UIInterfaceOrientationLandscapeRight";
				LD_RUNPATH_SEARCH_PATHS = (
					"$(inherited)",
					"@executable_path/Frameworks",
				);
				MARKETING_VERSION = 1.0;
				PRODUCT_BUNDLE_IDENTIFIER = Zteo.TrainingBuddy;
				PRODUCT_NAME = "$(TARGET_NAME)";
				SUPPORTED_PLATFORMS = "iphoneos iphonesimulator";
				SUPPORTS_MACCATALYST = NO;
				SUPPORTS_XR_DESIGNED_FOR_IPHONE_IPAD = NO;
				SWIFT_EMIT_LOC_STRINGS = YES;
				SWIFT_VERSION = 5.0;
				TARGETED_DEVICE_FAMILY = "1,2";
			};
			name = Debug;
		};
		2988489A2E20422D0079ACDE /* Release */ = {
			isa = XCBuildConfiguration;
			buildSettings = {
				ASSETCATALOG_COMPILER_APPICON_NAME = AppIcon;
				ASSETCATALOG_COMPILER_GLOBAL_ACCENT_COLOR_NAME = AccentColor;
				CODE_SIGN_STYLE = Automatic;
				CURRENT_PROJECT_VERSION = 1;
				DEVELOPMENT_TEAM = HSNWC29QND;
				ENABLE_PREVIEWS = YES;
				GENERATE_INFOPLIST_FILE = YES;
				INFOPLIST_KEY_LSApplicationCategoryType = "public.app-category.healthcare-fitness";
				INFOPLIST_KEY_NSAppleMusicUsageDescription = "L'app usa l'accesso a Apple Music per mettere in pausa e riprendere l'audio in riproduzione.";
				INFOPLIST_KEY_UIApplicationSceneManifest_Generation = YES;
				INFOPLIST_KEY_UIApplicationSupportsIndirectInputEvents = YES;
				INFOPLIST_KEY_UILaunchScreen_Generation = YES;
				INFOPLIST_KEY_UIStatusBarStyle = "";
				INFOPLIST_KEY_UISupportedInterfaceOrientations_iPad = "UIInterfaceOrientationPortrait UIInterfaceOrientationPortraitUpsideDown UIInterfaceOrientationLandscapeLeft UIInterfaceOrientationLandscapeRight";
				INFOPLIST_KEY_UISupportedInterfaceOrientations_iPhone = "UIInterfaceOrientationPortrait UIInterfaceOrientationLandscapeLeft UIInterfaceOrientationLandscapeRight";
				LD_RUNPATH_SEARCH_PATHS = (
					"$(inherited)",
					"@executable_path/Frameworks",
				);
				MARKETING_VERSION = 1.0;
				PRODUCT_BUNDLE_IDENTIFIER = Zteo.TrainingBuddy;
				PRODUCT_NAME = "$(TARGET_NAME)";
				SUPPORTED_PLATFORMS = "iphoneos iphonesimulator";
				SUPPORTS_MACCATALYST = NO;
				SUPPORTS_XR_DESIGNED_FOR_IPHONE_IPAD = NO;
				SWIFT_EMIT_LOC_STRINGS = YES;
				SWIFT_VERSION = 5.0;
				TARGETED_DEVICE_FAMILY = "1,2";
			};
			name = Release;
		};
		2988489C2E20422D0079ACDE /* Debug */ = {
			isa = XCBuildConfiguration;
			buildSettings = {
				BUNDLE_LOADER = "$(TEST_HOST)";
				CODE_SIGN_STYLE = Automatic;
				CURRENT_PROJECT_VERSION = 1;
				GENERATE_INFOPLIST_FILE = YES;
				IPHONEOS_DEPLOYMENT_TARGET = 18.5;
				MARKETING_VERSION = 1.0;
				PRODUCT_BUNDLE_IDENTIFIER = Zteo.TrainingBuddyTests;
				PRODUCT_NAME = "$(TARGET_NAME)";
				SWIFT_EMIT_LOC_STRINGS = NO;
				SWIFT_VERSION = 5.0;
				TARGETED_DEVICE_FAMILY = "1,2";
				TEST_HOST = "$(BUILT_PRODUCTS_DIR)/TrainingBuddy.app/$(BUNDLE_EXECUTABLE_FOLDER_PATH)/TrainingBuddy";
			};
			name = Debug;
		};
		2988489D2E20422D0079ACDE /* Release */ = {
			isa = XCBuildConfiguration;
			buildSettings = {
				BUNDLE_LOADER = "$(TEST_HOST)";
				CODE_SIGN_STYLE = Automatic;
				CURRENT_PROJECT_VERSION = 1;
				GENERATE_INFOPLIST_FILE = YES;
				IPHONEOS_DEPLOYMENT_TARGET = 18.5;
				MARKETING_VERSION = 1.0;
				PRODUCT_BUNDLE_IDENTIFIER = Zteo.TrainingBuddyTests;
				PRODUCT_NAME = "$(TARGET_NAME)";
				SWIFT_EMIT_LOC_STRINGS = NO;
				SWIFT_VERSION = 5.0;
				TARGETED_DEVICE_FAMILY = "1,2";
				TEST_HOST = "$(BUILT_PRODUCTS_DIR)/TrainingBuddy.app/$(BUNDLE_EXECUTABLE_FOLDER_PATH)/TrainingBuddy";
			};
			name = Release;
		};
		2988489F2E20422D0079ACDE /* Debug */ = {
			isa = XCBuildConfiguration;
			buildSettings = {
				CODE_SIGN_STYLE = Automatic;
				CURRENT_PROJECT_VERSION = 1;
				GENERATE_INFOPLIST_FILE = YES;
				MARKETING_VERSION = 1.0;
				PRODUCT_BUNDLE_IDENTIFIER = Zteo.TrainingBuddyUITests;
				PRODUCT_NAME = "$(TARGET_NAME)";
				SWIFT_EMIT_LOC_STRINGS = NO;
				SWIFT_VERSION = 5.0;
				TARGETED_DEVICE_FAMILY = "1,2";
				TEST_TARGET_NAME = TrainingBuddy;
			};
			name = Debug;
		};
		298848A02E20422D0079ACDE /* Release */ = {
			isa = XCBuildConfiguration;
			buildSettings = {
				CODE_SIGN_STYLE = Automatic;
				CURRENT_PROJECT_VERSION = 1;
				GENERATE_INFOPLIST_FILE = YES;
				MARKETING_VERSION = 1.0;
				PRODUCT_BUNDLE_IDENTIFIER = Zteo.TrainingBuddyUITests;
				PRODUCT_NAME = "$(TARGET_NAME)";
				SWIFT_EMIT_LOC_STRINGS = NO;
				SWIFT_VERSION = 5.0;
				TARGETED_DEVICE_FAMILY = "1,2";
				TEST_TARGET_NAME = TrainingBuddy;
			};
			name = Release;
		};
/* End XCBuildConfiguration section */

/* Begin XCConfigurationList section */
		298848722E20422D0079ACDE /* Build configuration list for PBXProject "TrainingBuddy" */ = {
			isa = XCConfigurationList;
			buildConfigurations = (
				298848962E20422D0079ACDE /* Debug */,
				298848972E20422D0079ACDE /* Release */,
			);
			defaultConfigurationIsVisible = 0;
			defaultConfigurationName = Release;
		};
		298848982E20422D0079ACDE /* Build configuration list for PBXNativeTarget "TrainingBuddy" */ = {
			isa = XCConfigurationList;
			buildConfigurations = (
				298848992E20422D0079ACDE /* Debug */,
				2988489A2E20422D0079ACDE /* Release */,
			);
			defaultConfigurationIsVisible = 0;
			defaultConfigurationName = Release;
		};
		2988489B2E20422D0079ACDE /* Build configuration list for PBXNativeTarget "TrainingBuddyTests" */ = {
			isa = XCConfigurationList;
			buildConfigurations = (
				2988489C2E20422D0079ACDE /* Debug */,
				2988489D2E20422D0079ACDE /* Release */,
			);
			defaultConfigurationIsVisible = 0;
			defaultConfigurationName = Release;
		};
		2988489E2E20422D0079ACDE /* Build configuration list for PBXNativeTarget "TrainingBuddyUITests" */ = {
			isa = XCConfigurationList;
			buildConfigurations = (
				2988489F2E20422D0079ACDE /* Debug */,
				298848A02E20422D0079ACDE /* Release */,
			);
			defaultConfigurationIsVisible = 0;
			defaultConfigurationName = Release;
		};
/* End XCConfigurationList section */
	};
	rootObject = 2988486F2E20422D0079ACDE /* Project object */;
}
